
Microsoft Visual Studio Solution File, Format Version 12.00
# Visual Studio Version 16
VisualStudioVersion = 25.0.1703.6
MinimumVisualStudioVersion = 10.0.40219.1
Project("{FAE04EC0-301F-11D3-BF4B-00C04F79EFBC}") = "CreateUsersNeowit", "CreateUsersNeowit.csproj", "{10147B8F-0A1E-4A1D-A5DA-1ADC0230957E}"
EndProject
Global
	GlobalSection(SolutionConfigurationPlatforms) = preSolution
		Debug|Any CPU = Debug|Any CPU
		Release|Any CPU = Release|Any CPU
	EndGlobalSection
	GlobalSection(ProjectConfigurationPlatforms) = postSolution
		{10147B8F-0A1E-4A1D-A5DA-1ADC0230957E}.Debug|Any CPU.ActiveCfg = Debug|Any CPU
		{10147B8F-0A1E-4A1D-A5DA-1ADC0230957E}.Debug|Any CPU.Build.0 = Debug|Any CPU
		{10147B8F-0A1E-4A1D-A5DA-1ADC0230957E}.Release|Any CPU.ActiveCfg = Release|Any CPU
		{10147B8F-0A1E-4A1D-A5DA-1ADC0230957E}.Release|Any CPU.Build.0 = Release|Any CPU
	EndGlobalSection
	GlobalSection(SolutionProperties) = preSolution
		HideSolutionNode = FALSE
	EndGlobalSection
	GlobalSection(ExtensibilityGlobals) = postSolution
		SolutionGuid = {253B6BBE-78EA-42A1-A760-69D09440DF01}
	EndGlobalSection
EndGlobal
